// !$*UTF8*$!
{
	archiveVersion = 1;
	classes = {
	};
	objectVersion = 46;
	objects = {

/* Begin PBXBuildFile section */
		C41D68AD1AA28B08004AE48F /* main.m in Sources */ = {isa = PBXBuildFile; fileRef = C41D68AC1AA28B08004AE48F /* main.m */; };
		C41D68B01AA28B08004AE48F /* AppDelegate.m in Sources */ = {isa = PBXBuildFile; fileRef = C41D68AF1AA28B08004AE48F /* AppDelegate.m */; };
		C41D68B31AA28B08004AE48F /* ViewController.m in Sources */ = {isa = PBXBuildFile; fileRef = C41D68B21AA28B08004AE48F /* ViewController.m */; };
		C41D68B61AA28B08004AE48F /* Main.storyboard in Resources */ = {isa = PBXBuildFile; fileRef = C41D68B41AA28B08004AE48F /* Main.storyboard */; };
		C41D68B81AA28B08004AE48F /* Images.xcassets in Resources */ = {isa = PBXBuildFile; fileRef = C41D68B71AA28B08004AE48F /* Images.xcassets */; };
		C41D68BB1AA28B08004AE48F /* LaunchScreen.xib in Resources */ = {isa = PBXBuildFile; fileRef = C41D68B91AA28B08004AE48F /* LaunchScreen.xib */; };
		C41D68C71AA28B08004AE48F /* location_reminder_felloTests.m in Sources */ = {isa = PBXBuildFile; fileRef = C41D68C61AA28B08004AE48F /* location_reminder_felloTests.m */; };
		C44900A41AA530920032FD5A /* DetailViewController.m in Sources */ = {isa = PBXBuildFile; fileRef = C44900A31AA530920032FD5A /* DetailViewController.m */; };
		C44900B01AA5402D0032FD5A /* InterfaceController.m in Sources */ = {isa = PBXBuildFile; fileRef = C44900AF1AA5402D0032FD5A /* InterfaceController.m */; };
		C44900B31AA5402D0032FD5A /* NotificationController.m in Sources */ = {isa = PBXBuildFile; fileRef = C44900B21AA5402D0032FD5A /* NotificationController.m */; };
		C44900B51AA5402D0032FD5A /* Images.xcassets in Resources */ = {isa = PBXBuildFile; fileRef = C44900B41AA5402D0032FD5A /* Images.xcassets */; };
		C44900B91AA5402D0032FD5A /* location_reminder_fello WatchKit App.app in Resources */ = {isa = PBXBuildFile; fileRef = C44900B81AA5402D0032FD5A /* location_reminder_fello WatchKit App.app */; };
		C44900C11AA5402D0032FD5A /* Interface.storyboard in Resources */ = {isa = PBXBuildFile; fileRef = C44900BF1AA5402D0032FD5A /* Interface.storyboard */; };
		C44900C31AA5402D0032FD5A /* Images.xcassets in Resources */ = {isa = PBXBuildFile; fileRef = C44900C21AA5402D0032FD5A /* Images.xcassets */; };
		C44900C61AA5402D0032FD5A /* location_reminder_fello WatchKit Extension.appex in Embed App Extensions */ = {isa = PBXBuildFile; fileRef = C44900A91AA5402D0032FD5A /* location_reminder_fello WatchKit Extension.appex */; settings = {ATTRIBUTES = (RemoveHeadersOnCopy, ); }; };
		C4B577AE1AA3F0E500657D8C /* MapKit.framework in Frameworks */ = {isa = PBXBuildFile; fileRef = C4B577AD1AA3F0E500657D8C /* MapKit.framework */; };
		C4B577B11AA3FEC700657D8C /* AddReminderViewController.m in Sources */ = {isa = PBXBuildFile; fileRef = C4B577B01AA3FEC700657D8C /* AddReminderViewController.m */; };
		C4F5DDCC1AA794DC00916C65 /* MiniMapInterfaceController.m in Sources */ = {isa = PBXBuildFile; fileRef = C4F5DDCB1AA794DC00916C65 /* MiniMapInterfaceController.m */; };
		C4F5DDCF1AA799B600916C65 /* RegionTableRowController.m in Sources */ = {isa = PBXBuildFile; fileRef = C4F5DDCE1AA799B600916C65 /* RegionTableRowController.m */; };
/* End PBXBuildFile section */

/* Begin PBXContainerItemProxy section */
		C41D68C11AA28B08004AE48F /* PBXContainerItemProxy */ = {
			isa = PBXContainerItemProxy;
			containerPortal = C41D689F1AA28B08004AE48F /* Project object */;
			proxyType = 1;
			remoteGlobalIDString = C41D68A61AA28B08004AE48F;
			remoteInfo = location_reminder_fello;
		};
		C44900BA1AA5402D0032FD5A /* PBXContainerItemProxy */ = {
			isa = PBXContainerItemProxy;
			containerPortal = C41D689F1AA28B08004AE48F /* Project object */;
			proxyType = 1;
			remoteGlobalIDString = C44900B71AA5402D0032FD5A;
			remoteInfo = "location_reminder_fello WatchKit App";
		};
		C44900C41AA5402D0032FD5A /* PBXContainerItemProxy */ = {
			isa = PBXContainerItemProxy;
			containerPortal = C41D689F1AA28B08004AE48F /* Project object */;
			proxyType = 1;
			remoteGlobalIDString = C44900A81AA5402D0032FD5A;
			remoteInfo = "location_reminder_fello WatchKit Extension";
		};
/* End PBXContainerItemProxy section */

/* Begin PBXCopyFilesBuildPhase section */
		C44900CD1AA5402D0032FD5A /* Embed App Extensions */ = {
			isa = PBXCopyFilesBuildPhase;
			buildActionMask = 2147483647;
			dstPath = "";
			dstSubfolderSpec = 13;
			files = (
				C44900C61AA5402D0032FD5A /* location_reminder_fello WatchKit Extension.appex in Embed App Extensions */,
			);
			name = "Embed App Extensions";
			runOnlyForDeploymentPostprocessing = 0;
		};
/* End PBXCopyFilesBuildPhase section */

/* Begin PBXFileReference section */
		C41D68A71AA28B08004AE48F /* location_reminder_fello.app */ = {isa = PBXFileReference; explicitFileType = wrapper.application; includeInIndex = 0; path = location_reminder_fello.app; sourceTree = BUILT_PRODUCTS_DIR; };
		C41D68AB1AA28B08004AE48F /* Info.plist */ = {isa = PBXFileReference; lastKnownFileType = text.plist.xml; path = Info.plist; sourceTree = "<group>"; };
		C41D68AC1AA28B08004AE48F /* main.m */ = {isa = PBXFileReference; lastKnownFileType = sourcecode.c.objc; path = main.m; sourceTree = "<group>"; };
		C41D68AE1AA28B08004AE48F /* AppDelegate.h */ = {isa = PBXFileReference; lastKnownFileType = sourcecode.c.h; path = AppDelegate.h; sourceTree = "<group>"; };
		C41D68AF1AA28B08004AE48F /* AppDelegate.m */ = {isa = PBXFileReference; lastKnownFileType = sourcecode.c.objc; path = AppDelegate.m; sourceTree = "<group>"; };
		C41D68B11AA28B08004AE48F /* ViewController.h */ = {isa = PBXFileReference; lastKnownFileType = sourcecode.c.h; path = ViewController.h; sourceTree = "<group>"; };
		C41D68B21AA28B08004AE48F /* ViewController.m */ = {isa = PBXFileReference; lastKnownFileType = sourcecode.c.objc; path = ViewController.m; sourceTree = "<group>"; };
		C41D68B51AA28B08004AE48F /* Base */ = {isa = PBXFileReference; lastKnownFileType = file.storyboard; name = Base; path = Base.lproj/Main.storyboard; sourceTree = "<group>"; };
		C41D68B71AA28B08004AE48F /* Images.xcassets */ = {isa = PBXFileReference; lastKnownFileType = folder.assetcatalog; path = Images.xcassets; sourceTree = "<group>"; };
		C41D68BA1AA28B08004AE48F /* Base */ = {isa = PBXFileReference; lastKnownFileType = file.xib; name = Base; path = Base.lproj/LaunchScreen.xib; sourceTree = "<group>"; };
		C41D68C01AA28B08004AE48F /* location_reminder_felloTests.xctest */ = {isa = PBXFileReference; explicitFileType = wrapper.cfbundle; includeInIndex = 0; path = location_reminder_felloTests.xctest; sourceTree = BUILT_PRODUCTS_DIR; };
		C41D68C51AA28B08004AE48F /* Info.plist */ = {isa = PBXFileReference; lastKnownFileType = text.plist.xml; path = Info.plist; sourceTree = "<group>"; };
		C41D68C61AA28B08004AE48F /* location_reminder_felloTests.m */ = {isa = PBXFileReference; lastKnownFileType = sourcecode.c.objc; path = location_reminder_felloTests.m; sourceTree = "<group>"; };
		C44900A21AA530920032FD5A /* DetailViewController.h */ = {isa = PBXFileReference; fileEncoding = 4; lastKnownFileType = sourcecode.c.h; path = DetailViewController.h; sourceTree = "<group>"; };
		C44900A31AA530920032FD5A /* DetailViewController.m */ = {isa = PBXFileReference; fileEncoding = 4; lastKnownFileType = sourcecode.c.objc; path = DetailViewController.m; sourceTree = "<group>"; };
		C44900A91AA5402D0032FD5A /* location_reminder_fello WatchKit Extension.appex */ = {isa = PBXFileReference; explicitFileType = "wrapper.app-extension"; includeInIndex = 0; path = "location_reminder_fello WatchKit Extension.appex"; sourceTree = BUILT_PRODUCTS_DIR; };
		C44900AC1AA5402D0032FD5A /* Info.plist */ = {isa = PBXFileReference; lastKnownFileType = text.plist.xml; path = Info.plist; sourceTree = "<group>"; };
		C44900AD1AA5402D0032FD5A /* PushNotificationPayload.apns */ = {isa = PBXFileReference; lastKnownFileType = text; path = PushNotificationPayload.apns; sourceTree = "<group>"; };
		C44900AE1AA5402D0032FD5A /* InterfaceController.h */ = {isa = PBXFileReference; lastKnownFileType = sourcecode.c.h; path = InterfaceController.h; sourceTree = "<group>"; };
		C44900AF1AA5402D0032FD5A /* InterfaceController.m */ = {isa = PBXFileReference; lastKnownFileType = sourcecode.c.objc; path = InterfaceController.m; sourceTree = "<group>"; };
		C44900B11AA5402D0032FD5A /* NotificationController.h */ = {isa = PBXFileReference; lastKnownFileType = sourcecode.c.h; path = NotificationController.h; sourceTree = "<group>"; };
		C44900B21AA5402D0032FD5A /* NotificationController.m */ = {isa = PBXFileReference; lastKnownFileType = sourcecode.c.objc; path = NotificationController.m; sourceTree = "<group>"; };
		C44900B41AA5402D0032FD5A /* Images.xcassets */ = {isa = PBXFileReference; lastKnownFileType = folder.assetcatalog; path = Images.xcassets; sourceTree = "<group>"; };
		C44900B81AA5402D0032FD5A /* location_reminder_fello WatchKit App.app */ = {isa = PBXFileReference; explicitFileType = wrapper.application; includeInIndex = 0; path = "location_reminder_fello WatchKit App.app"; sourceTree = BUILT_PRODUCTS_DIR; };
		C44900BE1AA5402D0032FD5A /* Info.plist */ = {isa = PBXFileReference; lastKnownFileType = text.plist.xml; path = Info.plist; sourceTree = "<group>"; };
		C44900C01AA5402D0032FD5A /* Base */ = {isa = PBXFileReference; lastKnownFileType = file.storyboard; name = Base; path = Base.lproj/Interface.storyboard; sourceTree = "<group>"; };
		C44900C21AA5402D0032FD5A /* Images.xcassets */ = {isa = PBXFileReference; lastKnownFileType = folder.assetcatalog; path = Images.xcassets; sourceTree = "<group>"; };
		C4B577AD1AA3F0E500657D8C /* MapKit.framework */ = {isa = PBXFileReference; lastKnownFileType = wrapper.framework; name = MapKit.framework; path = System/Library/Frameworks/MapKit.framework; sourceTree = SDKROOT; };
		C4B577AF1AA3FEC700657D8C /* AddReminderViewController.h */ = {isa = PBXFileReference; fileEncoding = 4; lastKnownFileType = sourcecode.c.h; path = AddReminderViewController.h; sourceTree = "<group>"; };
		C4B577B01AA3FEC700657D8C /* AddReminderViewController.m */ = {isa = PBXFileReference; fileEncoding = 4; lastKnownFileType = sourcecode.c.objc; path = AddReminderViewController.m; sourceTree = "<group>"; };
		C4F5DDCA1AA794DC00916C65 /* MiniMapInterfaceController.h */ = {isa = PBXFileReference; fileEncoding = 4; lastKnownFileType = sourcecode.c.h; path = MiniMapInterfaceController.h; sourceTree = "<group>"; };
		C4F5DDCB1AA794DC00916C65 /* MiniMapInterfaceController.m */ = {isa = PBXFileReference; fileEncoding = 4; lastKnownFileType = sourcecode.c.objc; path = MiniMapInterfaceController.m; sourceTree = "<group>"; };
		C4F5DDCD1AA799B600916C65 /* RegionTableRowController.h */ = {isa = PBXFileReference; fileEncoding = 4; lastKnownFileType = sourcecode.c.h; path = RegionTableRowController.h; sourceTree = "<group>"; };
		C4F5DDCE1AA799B600916C65 /* RegionTableRowController.m */ = {isa = PBXFileReference; fileEncoding = 4; lastKnownFileType = sourcecode.c.objc; path = RegionTableRowController.m; sourceTree = "<group>"; };
/* End PBXFileReference section */

/* Begin PBXFrameworksBuildPhase section */
		C41D68A41AA28B08004AE48F /* Frameworks */ = {
			isa = PBXFrameworksBuildPhase;
			buildActionMask = 2147483647;
			files = (
				C4B577AE1AA3F0E500657D8C /* MapKit.framework in Frameworks */,
			);
			runOnlyForDeploymentPostprocessing = 0;
		};
		C41D68BD1AA28B08004AE48F /* Frameworks */ = {
			isa = PBXFrameworksBuildPhase;
			buildActionMask = 2147483647;
			files = (
			);
			runOnlyForDeploymentPostprocessing = 0;
		};
		C44900A61AA5402D0032FD5A /* Frameworks */ = {
			isa = PBXFrameworksBuildPhase;
			buildActionMask = 2147483647;
			files = (
			);
			runOnlyForDeploymentPostprocessing = 0;
		};
/* End PBXFrameworksBuildPhase section */

/* Begin PBXGroup section */
		C41D689E1AA28B08004AE48F = {
			isa = PBXGroup;
			children = (
				C4B577AD1AA3F0E500657D8C /* MapKit.framework */,
				C41D68A91AA28B08004AE48F /* location_reminder_fello */,
				C41D68C31AA28B08004AE48F /* location_reminder_felloTests */,
				C44900AA1AA5402D0032FD5A /* location_reminder_fello WatchKit Extension */,
				C44900BC1AA5402D0032FD5A /* location_reminder_fello WatchKit App */,
				C41D68A81AA28B08004AE48F /* Products */,
			);
			sourceTree = "<group>";
		};
		C41D68A81AA28B08004AE48F /* Products */ = {
			isa = PBXGroup;
			children = (
				C41D68A71AA28B08004AE48F /* location_reminder_fello.app */,
				C41D68C01AA28B08004AE48F /* location_reminder_felloTests.xctest */,
				C44900A91AA5402D0032FD5A /* location_reminder_fello WatchKit Extension.appex */,
				C44900B81AA5402D0032FD5A /* location_reminder_fello WatchKit App.app */,
			);
			name = Products;
			sourceTree = "<group>";
		};
		C41D68A91AA28B08004AE48F /* location_reminder_fello */ = {
			isa = PBXGroup;
			children = (
				C41D68AE1AA28B08004AE48F /* AppDelegate.h */,
				C41D68AF1AA28B08004AE48F /* AppDelegate.m */,
				C41D68B11AA28B08004AE48F /* ViewController.h */,
				C41D68B21AA28B08004AE48F /* ViewController.m */,
				C4B577AF1AA3FEC700657D8C /* AddReminderViewController.h */,
				C4B577B01AA3FEC700657D8C /* AddReminderViewController.m */,
				C41D68B41AA28B08004AE48F /* Main.storyboard */,
				C44900A21AA530920032FD5A /* DetailViewController.h */,
				C44900A31AA530920032FD5A /* DetailViewController.m */,
				C41D68B71AA28B08004AE48F /* Images.xcassets */,
				C41D68B91AA28B08004AE48F /* LaunchScreen.xib */,
				C41D68AA1AA28B08004AE48F /* Supporting Files */,
			);
			path = location_reminder_fello;
			sourceTree = "<group>";
		};
		C41D68AA1AA28B08004AE48F /* Supporting Files */ = {
			isa = PBXGroup;
			children = (
				C41D68AB1AA28B08004AE48F /* Info.plist */,
				C41D68AC1AA28B08004AE48F /* main.m */,
			);
			name = "Supporting Files";
			sourceTree = "<group>";
		};
		C41D68C31AA28B08004AE48F /* location_reminder_felloTests */ = {
			isa = PBXGroup;
			children = (
				C41D68C61AA28B08004AE48F /* location_reminder_felloTests.m */,
				C41D68C41AA28B08004AE48F /* Supporting Files */,
			);
			path = location_reminder_felloTests;
			sourceTree = "<group>";
		};
		C41D68C41AA28B08004AE48F /* Supporting Files */ = {
			isa = PBXGroup;
			children = (
				C41D68C51AA28B08004AE48F /* Info.plist */,
			);
			name = "Supporting Files";
			sourceTree = "<group>";
		};
		C44900AA1AA5402D0032FD5A /* location_reminder_fello WatchKit Extension */ = {
			isa = PBXGroup;
			children = (
				C44900AE1AA5402D0032FD5A /* InterfaceController.h */,
				C44900AF1AA5402D0032FD5A /* InterfaceController.m */,
				C4F5DDCA1AA794DC00916C65 /* MiniMapInterfaceController.h */,
				C4F5DDCB1AA794DC00916C65 /* MiniMapInterfaceController.m */,
				C4F5DDCD1AA799B600916C65 /* RegionTableRowController.h */,
				C4F5DDCE1AA799B600916C65 /* RegionTableRowController.m */,
				C44900B11AA5402D0032FD5A /* NotificationController.h */,
				C44900B21AA5402D0032FD5A /* NotificationController.m */,
				C44900B41AA5402D0032FD5A /* Images.xcassets */,
				C44900AB1AA5402D0032FD5A /* Supporting Files */,
			);
			path = "location_reminder_fello WatchKit Extension";
			sourceTree = "<group>";
		};
		C44900AB1AA5402D0032FD5A /* Supporting Files */ = {
			isa = PBXGroup;
			children = (
				C44900AC1AA5402D0032FD5A /* Info.plist */,
				C44900AD1AA5402D0032FD5A /* PushNotificationPayload.apns */,
			);
			name = "Supporting Files";
			sourceTree = "<group>";
		};
		C44900BC1AA5402D0032FD5A /* location_reminder_fello WatchKit App */ = {
			isa = PBXGroup;
			children = (
				C44900BF1AA5402D0032FD5A /* Interface.storyboard */,
				C44900C21AA5402D0032FD5A /* Images.xcassets */,
				C44900BD1AA5402D0032FD5A /* Supporting Files */,
			);
			path = "location_reminder_fello WatchKit App";
			sourceTree = "<group>";
		};
		C44900BD1AA5402D0032FD5A /* Supporting Files */ = {
			isa = PBXGroup;
			children = (
				C44900BE1AA5402D0032FD5A /* Info.plist */,
			);
			name = "Supporting Files";
			sourceTree = "<group>";
		};
/* End PBXGroup section */

/* Begin PBXNativeTarget section */
		C41D68A61AA28B08004AE48F /* location_reminder_fello */ = {
			isa = PBXNativeTarget;
			buildConfigurationList = C41D68CA1AA28B08004AE48F /* Build configuration list for PBXNativeTarget "location_reminder_fello" */;
			buildPhases = (
				C41D68A31AA28B08004AE48F /* Sources */,
				C41D68A41AA28B08004AE48F /* Frameworks */,
				C41D68A51AA28B08004AE48F /* Resources */,
				C44900CD1AA5402D0032FD5A /* Embed App Extensions */,
			);
			buildRules = (
			);
			dependencies = (
				C44900C51AA5402D0032FD5A /* PBXTargetDependency */,
			);
			name = location_reminder_fello;
			productName = location_reminder_fello;
			productReference = C41D68A71AA28B08004AE48F /* location_reminder_fello.app */;
			productType = "com.apple.product-type.application";
		};
		C41D68BF1AA28B08004AE48F /* location_reminder_felloTests */ = {
			isa = PBXNativeTarget;
			buildConfigurationList = C41D68CD1AA28B08004AE48F /* Build configuration list for PBXNativeTarget "location_reminder_felloTests" */;
			buildPhases = (
				C41D68BC1AA28B08004AE48F /* Sources */,
				C41D68BD1AA28B08004AE48F /* Frameworks */,
				C41D68BE1AA28B08004AE48F /* Resources */,
			);
			buildRules = (
			);
			dependencies = (
				C41D68C21AA28B08004AE48F /* PBXTargetDependency */,
			);
			name = location_reminder_felloTests;
			productName = location_reminder_felloTests;
			productReference = C41D68C01AA28B08004AE48F /* location_reminder_felloTests.xctest */;
			productType = "com.apple.product-type.bundle.unit-test";
		};
		C44900A81AA5402D0032FD5A /* location_reminder_fello WatchKit Extension */ = {
			isa = PBXNativeTarget;
			buildConfigurationList = C44900CA1AA5402D0032FD5A /* Build configuration list for PBXNativeTarget "location_reminder_fello WatchKit Extension" */;
			buildPhases = (
				C44900A51AA5402D0032FD5A /* Sources */,
				C44900A61AA5402D0032FD5A /* Frameworks */,
				C44900A71AA5402D0032FD5A /* Resources */,
			);
			buildRules = (
			);
			dependencies = (
				C44900BB1AA5402D0032FD5A /* PBXTargetDependency */,
			);
			name = "location_reminder_fello WatchKit Extension";
			productName = "location_reminder_fello WatchKit Extension";
			productReference = C44900A91AA5402D0032FD5A /* location_reminder_fello WatchKit Extension.appex */;
			productType = "com.apple.product-type.watchkit-extension";
		};
		C44900B71AA5402D0032FD5A /* location_reminder_fello WatchKit App */ = {
			isa = PBXNativeTarget;
			buildConfigurationList = C44900C71AA5402D0032FD5A /* Build configuration list for PBXNativeTarget "location_reminder_fello WatchKit App" */;
			buildPhases = (
				C44900B61AA5402D0032FD5A /* Resources */,
			);
			buildRules = (
			);
			dependencies = (
			);
			name = "location_reminder_fello WatchKit App";
			productName = "location_reminder_fello WatchKit App";
			productReference = C44900B81AA5402D0032FD5A /* location_reminder_fello WatchKit App.app */;
			productType = "com.apple.product-type.application.watchapp";
		};
/* End PBXNativeTarget section */

/* Begin PBXProject section */
		C41D689F1AA28B08004AE48F /* Project object */ = {
			isa = PBXProject;
			attributes = {
				LastUpgradeCheck = 0610;
				ORGANIZATIONNAME = nacnud;
				TargetAttributes = {
					C41D68A61AA28B08004AE48F = {
						CreatedOnToolsVersion = 6.1.1;
						SystemCapabilities = {
							com.apple.Maps.iOS = {
								enabled = 1;
							};
						};
					};
					C41D68BF1AA28B08004AE48F = {
						CreatedOnToolsVersion = 6.1.1;
						TestTargetID = C41D68A61AA28B08004AE48F;
					};
					C44900A81AA5402D0032FD5A = {
						CreatedOnToolsVersion = 6.2;
					};
					C44900B71AA5402D0032FD5A = {
						CreatedOnToolsVersion = 6.2;
					};
				};
			};
			buildConfigurationList = C41D68A21AA28B08004AE48F /* Build configuration list for PBXProject "location_reminder_fello" */;
			compatibilityVersion = "Xcode 3.2";
			developmentRegion = English;
			hasScannedForEncodings = 0;
			knownRegions = (
				en,
				Base,
			);
			mainGroup = C41D689E1AA28B08004AE48F;
			productRefGroup = C41D68A81AA28B08004AE48F /* Products */;
			projectDirPath = "";
			projectRoot = "";
			targets = (
				C41D68A61AA28B08004AE48F /* location_reminder_fello */,
				C41D68BF1AA28B08004AE48F /* location_reminder_felloTests */,
				C44900A81AA5402D0032FD5A /* location_reminder_fello WatchKit Extension */,
				C44900B71AA5402D0032FD5A /* location_reminder_fello WatchKit App */,
			);
		};
/* End PBXProject section */

/* Begin PBXResourcesBuildPhase section */
		C41D68A51AA28B08004AE48F /* Resources */ = {
			isa = PBXResourcesBuildPhase;
			buildActionMask = 2147483647;
			files = (
				C41D68B61AA28B08004AE48F /* Main.storyboard in Resources */,
				C41D68BB1AA28B08004AE48F /* LaunchScreen.xib in Resources */,
				C41D68B81AA28B08004AE48F /* Images.xcassets in Resources */,
			);
			runOnlyForDeploymentPostprocessing = 0;
		};
		C41D68BE1AA28B08004AE48F /* Resources */ = {
			isa = PBXResourcesBuildPhase;
			buildActionMask = 2147483647;
			files = (
			);
			runOnlyForDeploymentPostprocessing = 0;
		};
		C44900A71AA5402D0032FD5A /* Resources */ = {
			isa = PBXResourcesBuildPhase;
			buildActionMask = 2147483647;
			files = (
				C44900B91AA5402D0032FD5A /* location_reminder_fello WatchKit App.app in Resources */,
				C44900B51AA5402D0032FD5A /* Images.xcassets in Resources */,
			);
			runOnlyForDeploymentPostprocessing = 0;
		};
		C44900B61AA5402D0032FD5A /* Resources */ = {
			isa = PBXResourcesBuildPhase;
			buildActionMask = 2147483647;
			files = (
				C44900C11AA5402D0032FD5A /* Interface.storyboard in Resources */,
				C44900C31AA5402D0032FD5A /* Images.xcassets in Resources */,
			);
			runOnlyForDeploymentPostprocessing = 0;
		};
/* End PBXResourcesBuildPhase section */

/* Begin PBXSourcesBuildPhase section */
		C41D68A31AA28B08004AE48F /* Sources */ = {
			isa = PBXSourcesBuildPhase;
			buildActionMask = 2147483647;
			files = (
				C44900A41AA530920032FD5A /* DetailViewController.m in Sources */,
				C4B577B11AA3FEC700657D8C /* AddReminderViewController.m in Sources */,
				C41D68B31AA28B08004AE48F /* ViewController.m in Sources */,
				C41D68B01AA28B08004AE48F /* AppDelegate.m in Sources */,
				C41D68AD1AA28B08004AE48F /* main.m in Sources */,
			);
			runOnlyForDeploymentPostprocessing = 0;
		};
		C41D68BC1AA28B08004AE48F /* Sources */ = {
			isa = PBXSourcesBuildPhase;
			buildActionMask = 2147483647;
			files = (
				C41D68C71AA28B08004AE48F /* location_reminder_felloTests.m in Sources */,
			);
			runOnlyForDeploymentPostprocessing = 0;
		};
		C44900A51AA5402D0032FD5A /* Sources */ = {
			isa = PBXSourcesBuildPhase;
			buildActionMask = 2147483647;
			files = (
				C4F5DDCC1AA794DC00916C65 /* MiniMapInterfaceController.m in Sources */,
				C4F5DDCF1AA799B600916C65 /* RegionTableRowController.m in Sources */,
				C44900B31AA5402D0032FD5A /* NotificationController.m in Sources */,
				C44900B01AA5402D0032FD5A /* InterfaceController.m in Sources */,
			);
			runOnlyForDeploymentPostprocessing = 0;
		};
/* End PBXSourcesBuildPhase section */

/* Begin PBXTargetDependency section */
		C41D68C21AA28B08004AE48F /* PBXTargetDependency */ = {
			isa = PBXTargetDependency;
			target = C41D68A61AA28B08004AE48F /* location_reminder_fello */;
			targetProxy = C41D68C11AA28B08004AE48F /* PBXContainerItemProxy */;
		};
		C44900BB1AA5402D0032FD5A /* PBXTargetDependency */ = {
			isa = PBXTargetDependency;
			target = C44900B71AA5402D0032FD5A /* location_reminder_fello WatchKit App */;
			targetProxy = C44900BA1AA5402D0032FD5A /* PBXContainerItemProxy */;
		};
		C44900C51AA5402D0032FD5A /* PBXTargetDependency */ = {
			isa = PBXTargetDependency;
			target = C44900A81AA5402D0032FD5A /* location_reminder_fello WatchKit Extension */;
			targetProxy = C44900C41AA5402D0032FD5A /* PBXContainerItemProxy */;
		};
/* End PBXTargetDependency section */

/* Begin PBXVariantGroup section */
		C41D68B41AA28B08004AE48F /* Main.storyboard */ = {
			isa = PBXVariantGroup;
			children = (
				C41D68B51AA28B08004AE48F /* Base */,
			);
			name = Main.storyboard;
			sourceTree = "<group>";
		};
		C41D68B91AA28B08004AE48F /* LaunchScreen.xib */ = {
			isa = PBXVariantGroup;
			children = (
				C41D68BA1AA28B08004AE48F /* Base */,
			);
			name = LaunchScreen.xib;
			sourceTree = "<group>";
		};
		C44900BF1AA5402D0032FD5A /* Interface.storyboard */ = {
			isa = PBXVariantGroup;
			children = (
				C44900C01AA5402D0032FD5A /* Base */,
			);
			name = Interface.storyboard;
			sourceTree = "<group>";
		};
/* End PBXVariantGroup section */

/* Begin XCBuildConfiguration section */
		C41D68C81AA28B08004AE48F /* Debug */ = {
			isa = XCBuildConfiguration;
			buildSettings = {
				ALWAYS_SEARCH_USER_PATHS = NO;
				CLANG_CXX_LANGUAGE_STANDARD = "gnu++0x";
				CLANG_CXX_LIBRARY = "libc++";
				CLANG_ENABLE_MODULES = YES;
				CLANG_ENABLE_OBJC_ARC = YES;
				CLANG_WARN_BOOL_CONVERSION = YES;
				CLANG_WARN_CONSTANT_CONVERSION = YES;
				CLANG_WARN_DIRECT_OBJC_ISA_USAGE = YES_ERROR;
				CLANG_WARN_EMPTY_BODY = YES;
				CLANG_WARN_ENUM_CONVERSION = YES;
				CLANG_WARN_INT_CONVERSION = YES;
				CLANG_WARN_OBJC_ROOT_CLASS = YES_ERROR;
				CLANG_WARN_UNREACHABLE_CODE = YES;
				CLANG_WARN__DUPLICATE_METHOD_MATCH = YES;
				"CODE_SIGN_IDENTITY[sdk=iphoneos*]" = "iPhone Developer";
				COPY_PHASE_STRIP = NO;
				ENABLE_STRICT_OBJC_MSGSEND = YES;
				GCC_C_LANGUAGE_STANDARD = gnu99;
				GCC_DYNAMIC_NO_PIC = NO;
				GCC_OPTIMIZATION_LEVEL = 0;
				GCC_PREPROCESSOR_DEFINITIONS = (
					"DEBUG=1",
					"$(inherited)",
				);
				GCC_SYMBOLS_PRIVATE_EXTERN = NO;
				GCC_WARN_64_TO_32_BIT_CONVERSION = YES;
				GCC_WARN_ABOUT_RETURN_TYPE = YES_ERROR;
				GCC_WARN_UNDECLARED_SELECTOR = YES;
				GCC_WARN_UNINITIALIZED_AUTOS = YES_AGGRESSIVE;
				GCC_WARN_UNUSED_FUNCTION = YES;
				GCC_WARN_UNUSED_VARIABLE = YES;
				IPHONEOS_DEPLOYMENT_TARGET = 8.1;
				MTL_ENABLE_DEBUG_INFO = YES;
				ONLY_ACTIVE_ARCH = YES;
				SDKROOT = iphoneos;
				TARGETED_DEVICE_FAMILY = "1,2";
			};
			name = Debug;
		};
		C41D68C91AA28B08004AE48F /* Release */ = {
			isa = XCBuildConfiguration;
			buildSettings = {
				ALWAYS_SEARCH_USER_PATHS = NO;
				CLANG_CXX_LANGUAGE_STANDARD = "gnu++0x";
				CLANG_CXX_LIBRARY = "libc++";
				CLANG_ENABLE_MODULES = YES;
				CLANG_ENABLE_OBJC_ARC = YES;
				CLANG_WARN_BOOL_CONVERSION = YES;
				CLANG_WARN_CONSTANT_CONVERSION = YES;
				CLANG_WARN_DIRECT_OBJC_ISA_USAGE = YES_ERROR;
				CLANG_WARN_EMPTY_BODY = YES;
				CLANG_WARN_ENUM_CONVERSION = YES;
				CLANG_WARN_INT_CONVERSION = YES;
				CLANG_WARN_OBJC_ROOT_CLASS = YES_ERROR;
				CLANG_WARN_UNREACHABLE_CODE = YES;
				CLANG_WARN__DUPLICATE_METHOD_MATCH = YES;
				"CODE_SIGN_IDENTITY[sdk=iphoneos*]" = "iPhone Developer";
				COPY_PHASE_STRIP = YES;
				ENABLE_NS_ASSERTIONS = NO;
				ENABLE_STRICT_OBJC_MSGSEND = YES;
				GCC_C_LANGUAGE_STANDARD = gnu99;
				GCC_WARN_64_TO_32_BIT_CONVERSION = YES;
				GCC_WARN_ABOUT_RETURN_TYPE = YES_ERROR;
				GCC_WARN_UNDECLARED_SELECTOR = YES;
				GCC_WARN_UNINITIALIZED_AUTOS = YES_AGGRESSIVE;
				GCC_WARN_UNUSED_FUNCTION = YES;
				GCC_WARN_UNUSED_VARIABLE = YES;
				IPHONEOS_DEPLOYMENT_TARGET = 8.1;
				MTL_ENABLE_DEBUG_INFO = NO;
				SDKROOT = iphoneos;
				TARGETED_DEVICE_FAMILY = "1,2";
				VALIDATE_PRODUCT = YES;
			};
			name = Release;
		};
		C41D68CB1AA28B08004AE48F /* Debug */ = {
			isa = XCBuildConfiguration;
			buildSettings = {
				ASSETCATALOG_COMPILER_APPICON_NAME = AppIcon;
				INFOPLIST_FILE = location_reminder_fello/Info.plist;
				LD_RUNPATH_SEARCH_PATHS = "$(inherited) @executable_path/Frameworks";
				PRODUCT_NAME = "$(TARGET_NAME)";
			};
			name = Debug;
		};
		C41D68CC1AA28B08004AE48F /* Release */ = {
			isa = XCBuildConfiguration;
			buildSettings = {
				ASSETCATALOG_COMPILER_APPICON_NAME = AppIcon;
				INFOPLIST_FILE = location_reminder_fello/Info.plist;
				LD_RUNPATH_SEARCH_PATHS = "$(inherited) @executable_path/Frameworks";
				PRODUCT_NAME = "$(TARGET_NAME)";
			};
			name = Release;
		};
		C41D68CE1AA28B08004AE48F /* Debug */ = {
			isa = XCBuildConfiguration;
			buildSettings = {
				BUNDLE_LOADER = "$(TEST_HOST)";
				FRAMEWORK_SEARCH_PATHS = (
					"$(SDKROOT)/Developer/Library/Frameworks",
					"$(inherited)",
				);
				GCC_PREPROCESSOR_DEFINITIONS = (
					"DEBUG=1",
					"$(inherited)",
				);
				INFOPLIST_FILE = location_reminder_felloTests/Info.plist;
				LD_RUNPATH_SEARCH_PATHS = "$(inherited) @executable_path/Frameworks @loader_path/Frameworks";
				PRODUCT_NAME = "$(TARGET_NAME)";
				TEST_HOST = "$(BUILT_PRODUCTS_DIR)/location_reminder_fello.app/location_reminder_fello";
			};
			name = Debug;
		};
		C41D68CF1AA28B08004AE48F /* Release */ = {
			isa = XCBuildConfiguration;
			buildSettings = {
				BUNDLE_LOADER = "$(TEST_HOST)";
				FRAMEWORK_SEARCH_PATHS = (
					"$(SDKROOT)/Developer/Library/Frameworks",
					"$(inherited)",
				);
				INFOPLIST_FILE = location_reminder_felloTests/Info.plist;
				LD_RUNPATH_SEARCH_PATHS = "$(inherited) @executable_path/Frameworks @loader_path/Frameworks";
				PRODUCT_NAME = "$(TARGET_NAME)";
				TEST_HOST = "$(BUILT_PRODUCTS_DIR)/location_reminder_fello.app/location_reminder_fello";
			};
			name = Release;
		};
		C44900C81AA5402D0032FD5A /* Debug */ = {
			isa = XCBuildConfiguration;
			buildSettings = {
				ASSETCATALOG_COMPILER_APPICON_NAME = AppIcon;
				GCC_PREPROCESSOR_DEFINITIONS = (
					"DEBUG=1",
					"$(inherited)",
				);
				IBSC_MODULE = location_reminder_fello_WatchKit_Extension;
				INFOPLIST_FILE = "location_reminder_fello WatchKit App/Info.plist";
				IPHONEOS_DEPLOYMENT_TARGET = 8.2;
				PRODUCT_NAME = "$(TARGET_NAME)";
				SKIP_INSTALL = YES;
				TARGETED_DEVICE_FAMILY = 4;
				"TARGETED_DEVICE_FAMILY[sdk=iphonesimulator*]" = "1,4";
			};
			name = Debug;
		};
		C44900C91AA5402D0032FD5A /* Release */ = {
			isa = XCBuildConfiguration;
			buildSettings = {
				ASSETCATALOG_COMPILER_APPICON_NAME = AppIcon;
				COPY_PHASE_STRIP = NO;
				IBSC_MODULE = location_reminder_fello_WatchKit_Extension;
				INFOPLIST_FILE = "location_reminder_fello WatchKit App/Info.plist";
				IPHONEOS_DEPLOYMENT_TARGET = 8.2;
				PRODUCT_NAME = "$(TARGET_NAME)";
				SKIP_INSTALL = YES;
				TARGETED_DEVICE_FAMILY = 4;
				"TARGETED_DEVICE_FAMILY[sdk=iphonesimulator*]" = "1,4";
			};
			name = Release;
		};
		C44900CB1AA5402D0032FD5A /* Debug */ = {
			isa = XCBuildConfiguration;
			buildSettings = {
				GCC_PREPROCESSOR_DEFINITIONS = (
					"DEBUG=1",
					"$(inherited)",
				);
				INFOPLIST_FILE = "location_reminder_fello WatchKit Extension/Info.plist";
				IPHONEOS_DEPLOYMENT_TARGET = 8.2;
				LD_RUNPATH_SEARCH_PATHS = "$(inherited) @executable_path/Frameworks @executable_path/../../Frameworks";
				PRODUCT_NAME = "${TARGET_NAME}";
				SKIP_INSTALL = YES;
			};
			name = Debug;
		};
		C44900CC1AA5402D0032FD5A /* Release */ = {
			isa = XCBuildConfiguration;
			buildSettings = {
				COPY_PHASE_STRIP = NO;
				INFOPLIST_FILE = "location_reminder_fello WatchKit Extension/Info.plist";
				IPHONEOS_DEPLOYMENT_TARGET = 8.2;
				LD_RUNPATH_SEARCH_PATHS = "$(inherited) @executable_path/Frameworks @executable_path/../../Frameworks";
				PRODUCT_NAME = "${TARGET_NAME}";
				SKIP_INSTALL = YES;
			};
			name = Release;
		};
/* End XCBuildConfiguration section */

/* Begin XCConfigurationList section */
		C41D68A21AA28B08004AE48F /* Build configuration list for PBXProject "location_reminder_fello" */ = {
			isa = XCConfigurationList;
			buildConfigurations = (
				C41D68C81AA28B08004AE48F /* Debug */,
				C41D68C91AA28B08004AE48F /* Release */,
			);
			defaultConfigurationIsVisible = 0;
			defaultConfigurationName = Release;
		};
		C41D68CA1AA28B08004AE48F /* Build configuration list for PBXNativeTarget "location_reminder_fello" */ = {
			isa = XCConfigurationList;
			buildConfigurations = (
				C41D68CB1AA28B08004AE48F /* Debug */,
				C41D68CC1AA28B08004AE48F /* Release */,
			);
			defaultConfigurationIsVisible = 0;
			defaultConfigurationName = Release;
		};
		C41D68CD1AA28B08004AE48F /* Build configuration list for PBXNativeTarget "location_reminder_felloTests" */ = {
			isa = XCConfigurationList;
			buildConfigurations = (
				C41D68CE1AA28B08004AE48F /* Debug */,
				C41D68CF1AA28B08004AE48F /* Release */,
			);
			defaultConfigurationIsVisible = 0;
			defaultConfigurationName = Release;
		};
		C44900C71AA5402D0032FD5A /* Build configuration list for PBXNativeTarget "location_reminder_fello WatchKit App" */ = {
			isa = XCConfigurationList;
			buildConfigurations = (
				C44900C81AA5402D0032FD5A /* Debug */,
				C44900C91AA5402D0032FD5A /* Release */,
			);
			defaultConfigurationIsVisible = 0;
			defaultConfigurationName = Release;
		};
		C44900CA1AA5402D0032FD5A /* Build configuration list for PBXNativeTarget "location_reminder_fello WatchKit Extension" */ = {
			isa = XCConfigurationList;
			buildConfigurations = (
				C44900CB1AA5402D0032FD5A /* Debug */,
				C44900CC1AA5402D0032FD5A /* Release */,
			);
			defaultConfigurationIsVisible = 0;
			defaultConfigurationName = Release;
		};
/* End XCConfigurationList section */
	};
	rootObject = C41D689F1AA28B08004AE48F /* Project object */;
}
